
Microsoft Visual Studio Solution File, Format Version 12.00
# Visual Studio Version 17
VisualStudioVersion = 17.9.34723.18
MinimumVisualStudioVersion = 10.0.40219.1
Project("{FAE04EC0-301F-11D3-BF4B-00C04F79EFBC}") = "WinFormsApp1", "WinFormsApp1\WinFormsApp1.csproj", "{07CFB79D-0B80-4F60-8140-65D9FB49C9F5}"
EndProject
Global
	GlobalSection(SolutionConfigurationPlatforms) = preSolution
		Debug|Any CPU = Debug|Any CPU
		Debug|x64 = Debug|x64
		Release|Any CPU = Release|Any CPU
		Release|x64 = Release|x64
	EndGlobalSection
	GlobalSection(ProjectConfigurationPlatforms) = postSolution
		{07CFB79D-0B80-4F60-8140-65D9FB49C9F5}.Debug|Any CPU.ActiveCfg = Debug|Any CPU
		{07CFB79D-0B80-4F60-8140-65D9FB49C9F5}.Debug|Any CPU.Build.0 = Debug|Any CPU
		{07CFB79D-0B80-4F60-8140-65D9FB49C9F5}.Debug|x64.ActiveCfg = Debug|x64
		{07CFB79D-0B80-4F60-8140-65D9FB49C9F5}.Debug|x64.Build.0 = Debug|x64
		{07CFB79D-0B80-4F60-8140-65D9FB49C9F5}.Release|Any CPU.ActiveCfg = Release|Any CPU
		{07CFB79D-0B80-4F60-8140-65D9FB49C9F5}.Release|Any CPU.Build.0 = Release|Any CPU
		{07CFB79D-0B80-4F60-8140-65D9FB49C9F5}.Release|x64.ActiveCfg = Release|x64
		{07CFB79D-0B80-4F60-8140-65D9FB49C9F5}.Release|x64.Build.0 = Release|x64
	EndGlobalSection
	GlobalSection(SolutionProperties) = preSolution
		HideSolutionNode = FALSE
	EndGlobalSection
	GlobalSection(ExtensibilityGlobals) = postSolution
		SolutionGuid = {D6A826B2-4377-4F21-9C3E-F0BACCC76A39}
	EndGlobalSection
EndGlobal
